
Microsoft Visual Studio Solution File, Format Version 12.00
# Visual Studio 14
VisualStudioVersion = 14.0.25420.1
MinimumVisualStudioVersion = 10.0.40219.1
Project("{FAE04EC0-301F-11D3-BF4B-00C04F79EFBC}") = "GestureUnlockPatternIOS", "GestureUnlockPatternIOS\GestureUnlockPatternIOS.csproj", "{2FAAE7A4-1761-43C5-894C-BF1F2EE26E95}"
EndProject
Global
	GlobalSection(SolutionConfigurationPlatforms) = preSolution
		Ad-Hoc|iPhone = Ad-Hoc|iPhone
		Ad-Hoc|iPhoneSimulator = Ad-Hoc|iPhoneSimulator
		AppStore|iPhone = AppStore|iPhone
		AppStore|iPhoneSimulator = AppStore|iPhoneSimulator
		Debug|iPhone = Debug|iPhone
		Debug|iPhoneSimulator = Debug|iPhoneSimulator
		Release|iPhone = Release|iPhone
		Release|iPhoneSimulator = Release|iPhoneSimulator
	EndGlobalSection
	GlobalSection(ProjectConfigurationPlatforms) = postSolution
		{2FAAE7A4-1761-43C5-894C-BF1F2EE26E95}.Ad-Hoc|iPhone.ActiveCfg = Ad-Hoc|iPhone
		{2FAAE7A4-1761-43C5-894C-BF1F2EE26E95}.Ad-Hoc|iPhone.Build.0 = Ad-Hoc|iPhone
		{2FAAE7A4-1761-43C5-894C-BF1F2EE26E95}.Ad-Hoc|iPhoneSimulator.ActiveCfg = Ad-Hoc|iPhoneSimulator
		{2FAAE7A4-1761-43C5-894C-BF1F2EE26E95}.Ad-Hoc|iPhoneSimulator.Build.0 = Ad-Hoc|iPhoneSimulator
		{2FAAE7A4-1761-43C5-894C-BF1F2EE26E95}.AppStore|iPhone.ActiveCfg = AppStore|iPhone
		{2FAAE7A4-1761-43C5-894C-BF1F2EE26E95}.AppStore|iPhone.Build.0 = AppStore|iPhone
		{2FAAE7A4-1761-43C5-894C-BF1F2EE26E95}.AppStore|iPhoneSimulator.ActiveCfg = AppStore|iPhoneSimulator
		{2FAAE7A4-1761-43C5-894C-BF1F2EE26E95}.AppStore|iPhoneSimulator.Build.0 = AppStore|iPhoneSimulator
		{2FAAE7A4-1761-43C5-894C-BF1F2EE26E95}.Debug|iPhone.ActiveCfg = Debug|iPhone
		{2FAAE7A4-1761-43C5-894C-BF1F2EE26E95}.Debug|iPhone.Build.0 = Debug|iPhone
		{2FAAE7A4-1761-43C5-894C-BF1F2EE26E95}.Debug|iPhoneSimulator.ActiveCfg = Debug|iPhoneSimulator
		{2FAAE7A4-1761-43C5-894C-BF1F2EE26E95}.Debug|iPhoneSimulator.Build.0 = Debug|iPhoneSimulator
		{2FAAE7A4-1761-43C5-894C-BF1F2EE26E95}.Release|iPhone.ActiveCfg = Release|iPhone
		{2FAAE7A4-1761-43C5-894C-BF1F2EE26E95}.Release|iPhone.Build.0 = Release|iPhone
		{2FAAE7A4-1761-43C5-894C-BF1F2EE26E95}.Release|iPhoneSimulator.ActiveCfg = Release|iPhoneSimulator
		{2FAAE7A4-1761-43C5-894C-BF1F2EE26E95}.Release|iPhoneSimulator.Build.0 = Release|iPhoneSimulator
	EndGlobalSection
	GlobalSection(SolutionProperties) = preSolution
		HideSolutionNode = FALSE
	EndGlobalSection
EndGlobal
